// !$*UTF8*$!
{
	archiveVersion = 1;
	classes = {
	};
	objectVersion = 48;
	objects = {

/* Begin PBXBuildFile section */
		D71CE0DC204D294300CB084B /* ResultsViewController.swift in Sources */ = {isa = PBXBuildFile; fileRef = D71CE0DB204D294300CB084B /* ResultsViewController.swift */; };
		D71CE0DE204D2EE400CB084B /* ResultTableViewCell.swift in Sources */ = {isa = PBXBuildFile; fileRef = D71CE0DD204D2EE400CB084B /* ResultTableViewCell.swift */; };
		D7D87C64204B2FE5001629BC /* AppDelegate.swift in Sources */ = {isa = PBXBuildFile; fileRef = D7D87C63204B2FE5001629BC /* AppDelegate.swift */; };
		D7D87C66204B2FE5001629BC /* ViewController.swift in Sources */ = {isa = PBXBuildFile; fileRef = D7D87C65204B2FE5001629BC /* ViewController.swift */; };
		D7D87C69204B2FE5001629BC /* Main.storyboard in Resources */ = {isa = PBXBuildFile; fileRef = D7D87C67204B2FE5001629BC /* Main.storyboard */; };
		D7D87C6E204B2FE5001629BC /* LaunchScreen.storyboard in Resources */ = {isa = PBXBuildFile; fileRef = D7D87C6C204B2FE5001629BC /* LaunchScreen.storyboard */; };
		D7D87C76204B4113001629BC /* assets.xcassets in Resources */ = {isa = PBXBuildFile; fileRef = D7D87C75204B4113001629BC /* assets.xcassets */; };
/* End PBXBuildFile section */

/* Begin PBXFileReference section */
		D71CE0DB204D294300CB084B /* ResultsViewController.swift */ = {isa = PBXFileReference; lastKnownFileType = sourcecode.swift; path = ResultsViewController.swift; sourceTree = "<group>"; };
		D71CE0DD204D2EE400CB084B /* ResultTableViewCell.swift */ = {isa = PBXFileReference; lastKnownFileType = sourcecode.swift; path = ResultTableViewCell.swift; sourceTree = "<group>"; };
		D7D87C60204B2FE5001629BC /* Lumosity.app */ = {isa = PBXFileReference; explicitFileType = wrapper.application; includeInIndex = 0; path = Lumosity.app; sourceTree = BUILT_PRODUCTS_DIR; };
		D7D87C63204B2FE5001629BC /* AppDelegate.swift */ = {isa = PBXFileReference; lastKnownFileType = sourcecode.swift; path = AppDelegate.swift; sourceTree = "<group>"; };
		D7D87C65204B2FE5001629BC /* ViewController.swift */ = {isa = PBXFileReference; lastKnownFileType = sourcecode.swift; path = ViewController.swift; sourceTree = "<group>"; };
		D7D87C68204B2FE5001629BC /* Base */ = {isa = PBXFileReference; lastKnownFileType = file.storyboard; name = Base; path = Base.lproj/Main.storyboard; sourceTree = "<group>"; };
		D7D87C6D204B2FE5001629BC /* Base */ = {isa = PBXFileReference; lastKnownFileType = file.storyboard; name = Base; path = Base.lproj/LaunchScreen.storyboard; sourceTree = "<group>"; };
		D7D87C6F204B2FE5001629BC /* Info.plist */ = {isa = PBXFileReference; lastKnownFileType = text.plist.xml; path = Info.plist; sourceTree = "<group>"; };
		D7D87C75204B4113001629BC /* assets.xcassets */ = {isa = PBXFileReference; lastKnownFileType = folder.assetcatalog; path = assets.xcassets; sourceTree = "<group>"; };
/* End PBXFileReference section */

/* Begin PBXFrameworksBuildPhase section */
		D7D87C5D204B2FE5001629BC /* Frameworks */ = {
			isa = PBXFrameworksBuildPhase;
			buildActionMask = 2147483647;
			files = (
			);
			runOnlyForDeploymentPostprocessing = 0;
		};
/* End PBXFrameworksBuildPhase section */

/* Begin PBXGroup section */
		D7D87C57204B2FE5001629BC = {
			isa = PBXGroup;
			children = (
				D7D87C62204B2FE5001629BC /* Lumosity */,
				D7D87C61204B2FE5001629BC /* Products */,
			);
			sourceTree = "<group>";
		};
		D7D87C61204B2FE5001629BC /* Products */ = {
			isa = PBXGroup;
			children = (
				D7D87C60204B2FE5001629BC /* Lumosity.app */,
			);
			name = Products;
			sourceTree = "<group>";
		};
		D7D87C62204B2FE5001629BC /* Lumosity */ = {
			isa = PBXGroup;
			children = (
				D7D87C63204B2FE5001629BC /* AppDelegate.swift */,
				D7D87C65204B2FE5001629BC /* ViewController.swift */,
				D7D87C67204B2FE5001629BC /* Main.storyboard */,
				D7D87C6C204B2FE5001629BC /* LaunchScreen.storyboard */,
				D7D87C6F204B2FE5001629BC /* Info.plist */,
				D7D87C75204B4113001629BC /* assets.xcassets */,
				D71CE0DB204D294300CB084B /* ResultsViewController.swift */,
				D71CE0DD204D2EE400CB084B /* ResultTableViewCell.swift */,
			);
			path = Lumosity;
			sourceTree = "<group>";
		};
/* End PBXGroup section */

/* Begin PBXNativeTarget section */
		D7D87C5F204B2FE5001629BC /* Lumosity */ = {
			isa = PBXNativeTarget;
			buildConfigurationList = D7D87C72204B2FE5001629BC /* Build configuration list for PBXNativeTarget "Lumosity" */;
			buildPhases = (
				D7D87C5C204B2FE5001629BC /* Sources */,
				D7D87C5D204B2FE5001629BC /* Frameworks */,
				D7D87C5E204B2FE5001629BC /* Resources */,
			);
			buildRules = (
			);
			dependencies = (
			);
			name = Lumosity;
			productName = Lumosity;
			productReference = D7D87C60204B2FE5001629BC /* Lumosity.app */;
			productType = "com.apple.product-type.application";
		};
/* End PBXNativeTarget section */

/* Begin PBXProject section */
		D7D87C58204B2FE5001629BC /* Project object */ = {
			isa = PBXProject;
			attributes = {
				LastSwiftUpdateCheck = 0920;
				LastUpgradeCheck = 0920;
				ORGANIZATIONNAME = "Zhandos Bolatbekov";
				TargetAttributes = {
					D7D87C5F204B2FE5001629BC = {
						CreatedOnToolsVersion = 9.2;
						ProvisioningStyle = Automatic;
					};
				};
			};
			buildConfigurationList = D7D87C5B204B2FE5001629BC /* Build configuration list for PBXProject "Lumosity" */;
			compatibilityVersion = "Xcode 8.0";
			developmentRegion = en;
			hasScannedForEncodings = 0;
			knownRegions = (
				en,
				Base,
			);
			mainGroup = D7D87C57204B2FE5001629BC;
			productRefGroup = D7D87C61204B2FE5001629BC /* Products */;
			projectDirPath = "";
			projectRoot = "";
			targets = (
				D7D87C5F204B2FE5001629BC /* Lumosity */,
			);
		};
/* End PBXProject section */

/* Begin PBXResourcesBuildPhase section */
		D7D87C5E204B2FE5001629BC /* Resources */ = {
			isa = PBXResourcesBuildPhase;
			buildActionMask = 2147483647;
			files = (
				D7D87C6E204B2FE5001629BC /* LaunchScreen.storyboard in Resources */,
				D7D87C69204B2FE5001629BC /* Main.storyboard in Resources */,
				D7D87C76204B4113001629BC /* assets.xcassets in Resources */,
			);
			runOnlyForDeploymentPostprocessing = 0;
		};
/* End PBXResourcesBuildPhase section */

/* Begin PBXSourcesBuildPhase section */
		D7D87C5C204B2FE5001629BC /* Sources */ = {
			isa = PBXSourcesBuildPhase;
			buildActionMask = 2147483647;
			files = (
				D7D87C66204B2FE5001629BC /* ViewController.swift in Sources */,
				D7D87C64204B2FE5001629BC /* AppDelegate.swift in Sources */,
				D71CE0DE204D2EE400CB084B /* ResultTableViewCell.swift in Sources */,
				D71CE0DC204D294300CB084B /* ResultsViewController.swift in Sources */,
			);
			runOnlyForDeploymentPostprocessing = 0;
		};
/* End PBXSourcesBuildPhase section */

/* Begin PBXVariantGroup section */
		D7D87C67204B2FE5001629BC /* Main.storyboard */ = {
			isa = PBXVariantGroup;
			children = (
				D7D87C68204B2FE5001629BC /* Base */,
			);
			name = Main.storyboard;
			sourceTree = "<group>";
		};
		D7D87C6C204B2FE5001629BC /* LaunchScreen.storyboard */ = {
			isa = PBXVariantGroup;
			children = (
				D7D87C6D204B2FE5001629BC /* Base */,
			);
			name = LaunchScreen.storyboard;
			sourceTree = "<group>";
		};
/* End PBXVariantGroup section */

/* Begin XCBuildConfiguration section */
		D7D87C70204B2FE5001629BC /* Debug */ = {
			isa = XCBuildConfiguration;
			buildSettings = {
				ALWAYS_SEARCH_USER_PATHS = NO;
				CLANG_ANALYZER_NONNULL = YES;
				CLANG_ANALYZER_NUMBER_OBJECT_CONVERSION = YES_AGGRESSIVE;
				CLANG_CXX_LANGUAGE_STANDARD = "gnu++14";
				CLANG_CXX_LIBRARY = "libc++";
				CLANG_ENABLE_MODULES = YES;
				CLANG_ENABLE_OBJC_ARC = YES;
				CLANG_WARN_BLOCK_CAPTURE_AUTORELEASING = YES;
				CLANG_WARN_BOOL_CONVERSION = YES;
				CLANG_WARN_COMMA = YES;
				CLANG_WARN_CONSTANT_CONVERSION = YES;
				CLANG_WARN_DIRECT_OBJC_ISA_USAGE = YES_ERROR;
				CLANG_WARN_DOCUMENTATION_COMMENTS = YES;
				CLANG_WARN_EMPTY_BODY = YES;
				CLANG_WARN_ENUM_CONVERSION = YES;
				CLANG_WARN_INFINITE_RECURSION = YES;
				CLANG_WARN_INT_CONVERSION = YES;
				CLANG_WARN_NON_LITERAL_NULL_CONVERSION = YES;
				CLANG_WARN_OBJC_LITERAL_CONVERSION = YES;
				CLANG_WARN_OBJC_ROOT_CLASS = YES_ERROR;
				CLANG_WARN_RANGE_LOOP_ANALYSIS = YES;
				CLANG_WARN_STRICT_PROTOTYPES = YES;
				CLANG_WARN_SUSPICIOUS_MOVE = YES;
				CLANG_WARN_UNGUARDED_AVAILABILITY = YES_AGGRESSIVE;
				CLANG_WARN_UNREACHABLE_CODE = YES;
				CLANG_WARN__DUPLICATE_METHOD_MATCH = YES;
				CODE_SIGN_IDENTITY = "iPhone Developer";
				COPY_PHASE_STRIP = NO;
				DEBUG_INFORMATION_FORMAT = dwarf;
				ENABLE_STRICT_OBJC_MSGSEND = YES;
				ENABLE_TESTABILITY = YES;
				GCC_C_LANGUAGE_STANDARD = gnu11;
				GCC_DYNAMIC_NO_PIC = NO;
				GCC_NO_COMMON_BLOCKS = YES;
				GCC_OPTIMIZATION_LEVEL = 0;
				GCC_PREPROCESSOR_DEFINITIONS = (
					"DEBUG=1",
					"$(inherited)",
				);
				GCC_WARN_64_TO_32_BIT_CONVERSION = YES;
				GCC_WARN_ABOUT_RETURN_TYPE = YES_ERROR;
				GCC_WARN_UNDECLARED_SELECTOR = YES;
				GCC_WARN_UNINITIALIZED_AUTOS = YES_AGGRESSIVE;
				GCC_WARN_UNUSED_FUNCTION = YES;
				GCC_WARN_UNUSED_VARIABLE = YES;
				IPHONEOS_DEPLOYMENT_TARGET = 11.2;
				MTL_ENABLE_DEBUG_INFO = YES;
				ONLY_ACTIVE_ARCH = YES;
				SDKROOT = iphoneos;
				SWIFT_ACTIVE_COMPILATION_CONDITIONS = DEBUG;
				SWIFT_OPTIMIZATION_LEVEL = "-Onone";
			};
			name = Debug;
		};
		D7D87C71204B2FE5001629BC /* Release */ = {
			isa = XCBuildConfiguration;
			buildSettings = {
				ALWAYS_SEARCH_USER_PATHS = NO;
				CLANG_ANALYZER_NONNULL = YES;
				CLANG_ANALYZER_NUMBER_OBJECT_CONVERSION = YES_AGGRESSIVE;
				CLANG_CXX_LANGUAGE_STANDARD = "gnu++14";
				CLANG_CXX_LIBRARY = "libc++";
				CLANG_ENABLE_MODULES = YES;
				CLANG_ENABLE_OBJC_ARC = YES;
				CLANG_WARN_BLOCK_CAPTURE_AUTORELEASING = YES;
				CLANG_WARN_BOOL_CONVERSION = YES;
				CLANG_WARN_COMMA = YES;
				CLANG_WARN_CONSTANT_CONVERSION = YES;
				CLANG_WARN_DIRECT_OBJC_ISA_USAGE = YES_ERROR;
				CLANG_WARN_DOCUMENTATION_COMMENTS = YES;
				CLANG_WARN_EMPTY_BODY = YES;
				CLANG_WARN_ENUM_CONVERSION = YES;
				CLANG_WARN_INFINITE_RECURSION = YES;
				CLANG_WARN_INT_CONVERSION = YES;
				CLANG_WARN_NON_LITERAL_NULL_CONVERSION = YES;
				CLANG_WARN_OBJC_LITERAL_CONVERSION = YES;
				CLANG_WARN_OBJC_ROOT_CLASS = YES_ERROR;
				CLANG_WARN_RANGE_LOOP_ANALYSIS = YES;
				CLANG_WARN_STRICT_PROTOTYPES = YES;
				CLANG_WARN_SUSPICIOUS_MOVE = YES;
				CLANG_WARN_UNGUARDED_AVAILABILITY = YES_AGGRESSIVE;
				CLANG_WARN_UNREACHABLE_CODE = YES;
				CLANG_WARN__DUPLICATE_METHOD_MATCH = YES;
				CODE_SIGN_IDENTITY = "iPhone Developer";
				COPY_PHASE_STRIP = NO;
				DEBUG_INFORMATION_FORMAT = "dwarf-with-dsym";
				ENABLE_NS_ASSERTIONS = NO;
				ENABLE_STRICT_OBJC_MSGSEND = YES;
				GCC_C_LANGUAGE_STANDARD = gnu11;
				GCC_NO_COMMON_BLOCKS = YES;
				GCC_WARN_64_TO_32_BIT_CONVERSION = YES;
				GCC_WARN_ABOUT_RETURN_TYPE = YES_ERROR;
				GCC_WARN_UNDECLARED_SELECTOR = YES;
				GCC_WARN_UNINITIALIZED_AUTOS = YES_AGGRESSIVE;
				GCC_WARN_UNUSED_FUNCTION = YES;
				GCC_WARN_UNUSED_VARIABLE = YES;
				IPHONEOS_DEPLOYMENT_TARGET = 11.2;
				MTL_ENABLE_DEBUG_INFO = NO;
				SDKROOT = iphoneos;
				SWIFT_OPTIMIZATION_LEVEL = "-Owholemodule";
				VALIDATE_PRODUCT = YES;
			};
			name = Release;
		};
		D7D87C73204B2FE5001629BC /* Debug */ = {
			isa = XCBuildConfiguration;
			buildSettings = {
				ASSETCATALOG_COMPILER_APPICON_NAME = AppIcon;
				CODE_SIGN_STYLE = Automatic;
				DEVELOPMENT_TEAM = 6X8EVDXUM3;
				INFOPLIST_FILE = Lumosity/Info.plist;
				LD_RUNPATH_SEARCH_PATHS = "$(inherited) @executable_path/Frameworks";
				PRODUCT_BUNDLE_IDENTIFIER = zhandos.Lumosity;
				PRODUCT_NAME = "$(TARGET_NAME)";
				SWIFT_VERSION = 4.0;
				TARGETED_DEVICE_FAMILY = "1,2";
			};
			name = Debug;
		};
		D7D87C74204B2FE5001629BC /* Release */ = {
			isa = XCBuildConfiguration;
			buildSettings = {
				ASSETCATALOG_COMPILER_APPICON_NAME = AppIcon;
				CODE_SIGN_STYLE = Automatic;
				DEVELOPMENT_TEAM = 6X8EVDXUM3;
				INFOPLIST_FILE = Lumosity/Info.plist;
				LD_RUNPATH_SEARCH_PATHS = "$(inherited) @executable_path/Frameworks";
				PRODUCT_BUNDLE_IDENTIFIER = zhandos.Lumosity;
				PRODUCT_NAME = "$(TARGET_NAME)";
				SWIFT_VERSION = 4.0;
				TARGETED_DEVICE_FAMILY = "1,2";
			};
			name = Release;
		};
/* End XCBuildConfiguration section */

/* Begin XCConfigurationList section */
		D7D87C5B204B2FE5001629BC /* Build configuration list for PBXProject "Lumosity" */ = {
			isa = XCConfigurationList;
			buildConfigurations = (
				D7D87C70204B2FE5001629BC /* Debug */,
				D7D87C71204B2FE5001629BC /* Release */,
			);
			defaultConfigurationIsVisible = 0;
			defaultConfigurationName = Release;
		};
		D7D87C72204B2FE5001629BC /* Build configuration list for PBXNativeTarget "Lumosity" */ = {
			isa = XCConfigurationList;
			buildConfigurations = (
				D7D87C73204B2FE5001629BC /* Debug */,
				D7D87C74204B2FE5001629BC /* Release */,
			);
			defaultConfigurationIsVisible = 0;
			defaultConfigurationName = Release;
		};
/* End XCConfigurationList section */
	};
	rootObject = D7D87C58204B2FE5001629BC /* Project object */;
}
