PODS:
  - SDWebImage (4.3.2):
    - SDWebImage/Core (= 4.3.2)
  - SDWebImage/Core (4.3.2)
  - SwiftyJSON (4.0.0)
  - UIScrollView-InfiniteScroll (1.0.2)

DEPENDENCIES:
  - SDWebImage (~> 4.0)
  - SwiftyJSON (~> 4.0)
  - UIScrollView-InfiniteScroll

SPEC REPOS:
  https://github.com/CocoaPods/Specs.git:
    - SDWebImage
    - SwiftyJSON
    - UIScrollView-InfiniteScroll

SPEC CHECKSUMS:
  SDWebImage: 29bd3c0bc1f01e5eb59720847c64ad4c4ca1af5d
  SwiftyJSON: 070dabdcb1beb81b247c65ffa3a79dbbfb3b48aa
  UIScrollView-InfiniteScroll: c132d6d5851daff229ab4a1060ccf70a05a051c9

PODFILE CHECKSUM: 20c6fa13c08528d3b43deaf02d810ee200352fc4

COCOAPODS: 1.5.0
