// !$*UTF8*$!
{
	archiveVersion = 1;
	classes = {
	};
	objectVersion = 48;
	objects = {

/* Begin PBXBuildFile section */
		D76AFCCC2068D8E400E68287 /* AppDelegate.swift in Sources */ = {isa = PBXBuildFile; fileRef = D76AFCCB2068D8E400E68287 /* AppDelegate.swift */; };
		D76AFCCE2068D8E400E68287 /* ViewController.swift in Sources */ = {isa = PBXBuildFile; fileRef = D76AFCCD2068D8E400E68287 /* ViewController.swift */; };
		D76AFCD12068D8E400E68287 /* Main.storyboard in Resources */ = {isa = PBXBuildFile; fileRef = D76AFCCF2068D8E400E68287 /* Main.storyboard */; };
		D76AFCD32068D8E400E68287 /* Assets.xcassets in Resources */ = {isa = PBXBuildFile; fileRef = D76AFCD22068D8E400E68287 /* Assets.xcassets */; };
		D76AFCD62068D8E400E68287 /* LaunchScreen.storyboard in Resources */ = {isa = PBXBuildFile; fileRef = D76AFCD42068D8E400E68287 /* LaunchScreen.storyboard */; };
		D786417D206E1F5800BF2D9A /* ResultsViewController.swift in Sources */ = {isa = PBXBuildFile; fileRef = D786417C206E1F5800BF2D9A /* ResultsViewController.swift */; };
		D786417F206E3F1600BF2D9A /* ResultTableViewCell.swift in Sources */ = {isa = PBXBuildFile; fileRef = D786417E206E3F1600BF2D9A /* ResultTableViewCell.swift */; };
/* End PBXBuildFile section */

/* Begin PBXFileReference section */
		D76AFCC82068D8E400E68287 /* SpyDetector.app */ = {isa = PBXFileReference; explicitFileType = wrapper.application; includeInIndex = 0; path = SpyDetector.app; sourceTree = BUILT_PRODUCTS_DIR; };
		D76AFCCB2068D8E400E68287 /* AppDelegate.swift */ = {isa = PBXFileReference; lastKnownFileType = sourcecode.swift; path = AppDelegate.swift; sourceTree = "<group>"; };
		D76AFCCD2068D8E400E68287 /* ViewController.swift */ = {isa = PBXFileReference; lastKnownFileType = sourcecode.swift; path = ViewController.swift; sourceTree = "<group>"; };
		D76AFCD02068D8E400E68287 /* Base */ = {isa = PBXFileReference; lastKnownFileType = file.storyboard; name = Base; path = Base.lproj/Main.storyboard; sourceTree = "<group>"; };
		D76AFCD22068D8E400E68287 /* Assets.xcassets */ = {isa = PBXFileReference; lastKnownFileType = folder.assetcatalog; path = Assets.xcassets; sourceTree = "<group>"; };
		D76AFCD52068D8E400E68287 /* Base */ = {isa = PBXFileReference; lastKnownFileType = file.storyboard; name = Base; path = Base.lproj/LaunchScreen.storyboard; sourceTree = "<group>"; };
		D76AFCD72068D8E400E68287 /* Info.plist */ = {isa = PBXFileReference; lastKnownFileType = text.plist.xml; path = Info.plist; sourceTree = "<group>"; };
		D786417C206E1F5800BF2D9A /* ResultsViewController.swift */ = {isa = PBXFileReference; lastKnownFileType = sourcecode.swift; path = ResultsViewController.swift; sourceTree = "<group>"; };
		D786417E206E3F1600BF2D9A /* ResultTableViewCell.swift */ = {isa = PBXFileReference; lastKnownFileType = sourcecode.swift; path = ResultTableViewCell.swift; sourceTree = "<group>"; };
/* End PBXFileReference section */

/* Begin PBXFrameworksBuildPhase section */
		D76AFCC52068D8E400E68287 /* Frameworks */ = {
			isa = PBXFrameworksBuildPhase;
			buildActionMask = 2147483647;
			files = (
			);
			runOnlyForDeploymentPostprocessing = 0;
		};
/* End PBXFrameworksBuildPhase section */

/* Begin PBXGroup section */
		D76AFCBF2068D8E400E68287 = {
			isa = PBXGroup;
			children = (
				D76AFCCA2068D8E400E68287 /* SpyDetector */,
				D76AFCC92068D8E400E68287 /* Products */,
			);
			sourceTree = "<group>";
		};
		D76AFCC92068D8E400E68287 /* Products */ = {
			isa = PBXGroup;
			children = (
				D76AFCC82068D8E400E68287 /* SpyDetector.app */,
			);
			name = Products;
			sourceTree = "<group>";
		};
		D76AFCCA2068D8E400E68287 /* SpyDetector */ = {
			isa = PBXGroup;
			children = (
				D76AFCCB2068D8E400E68287 /* AppDelegate.swift */,
				D76AFCCD2068D8E400E68287 /* ViewController.swift */,
				D786417C206E1F5800BF2D9A /* ResultsViewController.swift */,
				D76AFCCF2068D8E400E68287 /* Main.storyboard */,
				D76AFCD22068D8E400E68287 /* Assets.xcassets */,
				D76AFCD42068D8E400E68287 /* LaunchScreen.storyboard */,
				D76AFCD72068D8E400E68287 /* Info.plist */,
				D786417E206E3F1600BF2D9A /* ResultTableViewCell.swift */,
			);
			path = SpyDetector;
			sourceTree = "<group>";
		};
/* End PBXGroup section */

/* Begin PBXNativeTarget section */
		D76AFCC72068D8E400E68287 /* SpyDetector */ = {
			isa = PBXNativeTarget;
			buildConfigurationList = D76AFCDA2068D8E400E68287 /* Build configuration list for PBXNativeTarget "SpyDetector" */;
			buildPhases = (
				D76AFCC42068D8E400E68287 /* Sources */,
				D76AFCC52068D8E400E68287 /* Frameworks */,
				D76AFCC62068D8E400E68287 /* Resources */,
			);
			buildRules = (
			);
			dependencies = (
			);
			name = SpyDetector;
			productName = SpyDetector;
			productReference = D76AFCC82068D8E400E68287 /* SpyDetector.app */;
			productType = "com.apple.product-type.application";
		};
/* End PBXNativeTarget section */

/* Begin PBXProject section */
		D76AFCC02068D8E400E68287 /* Project object */ = {
			isa = PBXProject;
			attributes = {
				LastSwiftUpdateCheck = 0920;
				LastUpgradeCheck = 0920;
				ORGANIZATIONNAME = "Zhandos Bolatbekov";
				TargetAttributes = {
					D76AFCC72068D8E400E68287 = {
						CreatedOnToolsVersion = 9.2;
						ProvisioningStyle = Automatic;
					};
				};
			};
			buildConfigurationList = D76AFCC32068D8E400E68287 /* Build configuration list for PBXProject "SpyDetector" */;
			compatibilityVersion = "Xcode 8.0";
			developmentRegion = en;
			hasScannedForEncodings = 0;
			knownRegions = (
				en,
				Base,
			);
			mainGroup = D76AFCBF2068D8E400E68287;
			productRefGroup = D76AFCC92068D8E400E68287 /* Products */;
			projectDirPath = "";
			projectRoot = "";
			targets = (
				D76AFCC72068D8E400E68287 /* SpyDetector */,
			);
		};
/* End PBXProject section */

/* Begin PBXResourcesBuildPhase section */
		D76AFCC62068D8E400E68287 /* Resources */ = {
			isa = PBXResourcesBuildPhase;
			buildActionMask = 2147483647;
			files = (
				D76AFCD62068D8E400E68287 /* LaunchScreen.storyboard in Resources */,
				D76AFCD32068D8E400E68287 /* Assets.xcassets in Resources */,
				D76AFCD12068D8E400E68287 /* Main.storyboard in Resources */,
			);
			runOnlyForDeploymentPostprocessing = 0;
		};
/* End PBXResourcesBuildPhase section */

/* Begin PBXSourcesBuildPhase section */
		D76AFCC42068D8E400E68287 /* Sources */ = {
			isa = PBXSourcesBuildPhase;
			buildActionMask = 2147483647;
			files = (
				D76AFCCE2068D8E400E68287 /* ViewController.swift in Sources */,
				D76AFCCC2068D8E400E68287 /* AppDelegate.swift in Sources */,
				D786417F206E3F1600BF2D9A /* ResultTableViewCell.swift in Sources */,
				D786417D206E1F5800BF2D9A /* ResultsViewController.swift in Sources */,
			);
			runOnlyForDeploymentPostprocessing = 0;
		};
/* End PBXSourcesBuildPhase section */

/* Begin PBXVariantGroup section */
		D76AFCCF2068D8E400E68287 /* Main.storyboard */ = {
			isa = PBXVariantGroup;
			children = (
				D76AFCD02068D8E400E68287 /* Base */,
			);
			name = Main.storyboard;
			sourceTree = "<group>";
		};
		D76AFCD42068D8E400E68287 /* LaunchScreen.storyboard */ = {
			isa = PBXVariantGroup;
			children = (
				D76AFCD52068D8E400E68287 /* Base */,
			);
			name = LaunchScreen.storyboard;
			sourceTree = "<group>";
		};
/* End PBXVariantGroup section */

/* Begin XCBuildConfiguration section */
		D76AFCD82068D8E400E68287 /* Debug */ = {
			isa = XCBuildConfiguration;
			buildSettings = {
				ALWAYS_SEARCH_USER_PATHS = NO;
				CLANG_ANALYZER_NONNULL = YES;
				CLANG_ANALYZER_NUMBER_OBJECT_CONVERSION = YES_AGGRESSIVE;
				CLANG_CXX_LANGUAGE_STANDARD = "gnu++14";
				CLANG_CXX_LIBRARY = "libc++";
				CLANG_ENABLE_MODULES = YES;
				CLANG_ENABLE_OBJC_ARC = YES;
				CLANG_WARN_BLOCK_CAPTURE_AUTORELEASING = YES;
				CLANG_WARN_BOOL_CONVERSION = YES;
				CLANG_WARN_COMMA = YES;
				CLANG_WARN_CONSTANT_CONVERSION = YES;
				CLANG_WARN_DIRECT_OBJC_ISA_USAGE = YES_ERROR;
				CLANG_WARN_DOCUMENTATION_COMMENTS = YES;
				CLANG_WARN_EMPTY_BODY = YES;
				CLANG_WARN_ENUM_CONVERSION = YES;
				CLANG_WARN_INFINITE_RECURSION = YES;
				CLANG_WARN_INT_CONVERSION = YES;
				CLANG_WARN_NON_LITERAL_NULL_CONVERSION = YES;
				CLANG_WARN_OBJC_LITERAL_CONVERSION = YES;
				CLANG_WARN_OBJC_ROOT_CLASS = YES_ERROR;
				CLANG_WARN_RANGE_LOOP_ANALYSIS = YES;
				CLANG_WARN_STRICT_PROTOTYPES = YES;
				CLANG_WARN_SUSPICIOUS_MOVE = YES;
				CLANG_WARN_UNGUARDED_AVAILABILITY = YES_AGGRESSIVE;
				CLANG_WARN_UNREACHABLE_CODE = YES;
				CLANG_WARN__DUPLICATE_METHOD_MATCH = YES;
				CODE_SIGN_IDENTITY = "iPhone Developer";
				COPY_PHASE_STRIP = NO;
				DEBUG_INFORMATION_FORMAT = dwarf;
				ENABLE_STRICT_OBJC_MSGSEND = YES;
				ENABLE_TESTABILITY = YES;
				GCC_C_LANGUAGE_STANDARD = gnu11;
				GCC_DYNAMIC_NO_PIC = NO;
				GCC_NO_COMMON_BLOCKS = YES;
				GCC_OPTIMIZATION_LEVEL = 0;
				GCC_PREPROCESSOR_DEFINITIONS = (
					"DEBUG=1",
					"$(inherited)",
				);
				GCC_WARN_64_TO_32_BIT_CONVERSION = YES;
				GCC_WARN_ABOUT_RETURN_TYPE = YES_ERROR;
				GCC_WARN_UNDECLARED_SELECTOR = YES;
				GCC_WARN_UNINITIALIZED_AUTOS = YES_AGGRESSIVE;
				GCC_WARN_UNUSED_FUNCTION = YES;
				GCC_WARN_UNUSED_VARIABLE = YES;
				IPHONEOS_DEPLOYMENT_TARGET = 11.2;
				MTL_ENABLE_DEBUG_INFO = YES;
				ONLY_ACTIVE_ARCH = YES;
				SDKROOT = iphoneos;
				SWIFT_ACTIVE_COMPILATION_CONDITIONS = DEBUG;
				SWIFT_OPTIMIZATION_LEVEL = "-Onone";
			};
			name = Debug;
		};
		D76AFCD92068D8E400E68287 /* Release */ = {
			isa = XCBuildConfiguration;
			buildSettings = {
				ALWAYS_SEARCH_USER_PATHS = NO;
				CLANG_ANALYZER_NONNULL = YES;
				CLANG_ANALYZER_NUMBER_OBJECT_CONVERSION = YES_AGGRESSIVE;
				CLANG_CXX_LANGUAGE_STANDARD = "gnu++14";
				CLANG_CXX_LIBRARY = "libc++";
				CLANG_ENABLE_MODULES = YES;
				CLANG_ENABLE_OBJC_ARC = YES;
				CLANG_WARN_BLOCK_CAPTURE_AUTORELEASING = YES;
				CLANG_WARN_BOOL_CONVERSION = YES;
				CLANG_WARN_COMMA = YES;
				CLANG_WARN_CONSTANT_CONVERSION = YES;
				CLANG_WARN_DIRECT_OBJC_ISA_USAGE = YES_ERROR;
				CLANG_WARN_DOCUMENTATION_COMMENTS = YES;
				CLANG_WARN_EMPTY_BODY = YES;
				CLANG_WARN_ENUM_CONVERSION = YES;
				CLANG_WARN_INFINITE_RECURSION = YES;
				CLANG_WARN_INT_CONVERSION = YES;
				CLANG_WARN_NON_LITERAL_NULL_CONVERSION = YES;
				CLANG_WARN_OBJC_LITERAL_CONVERSION = YES;
				CLANG_WARN_OBJC_ROOT_CLASS = YES_ERROR;
				CLANG_WARN_RANGE_LOOP_ANALYSIS = YES;
				CLANG_WARN_STRICT_PROTOTYPES = YES;
				CLANG_WARN_SUSPICIOUS_MOVE = YES;
				CLANG_WARN_UNGUARDED_AVAILABILITY = YES_AGGRESSIVE;
				CLANG_WARN_UNREACHABLE_CODE = YES;
				CLANG_WARN__DUPLICATE_METHOD_MATCH = YES;
				CODE_SIGN_IDENTITY = "iPhone Developer";
				COPY_PHASE_STRIP = NO;
				DEBUG_INFORMATION_FORMAT = "dwarf-with-dsym";
				ENABLE_NS_ASSERTIONS = NO;
				ENABLE_STRICT_OBJC_MSGSEND = YES;
				GCC_C_LANGUAGE_STANDARD = gnu11;
				GCC_NO_COMMON_BLOCKS = YES;
				GCC_WARN_64_TO_32_BIT_CONVERSION = YES;
				GCC_WARN_ABOUT_RETURN_TYPE = YES_ERROR;
				GCC_WARN_UNDECLARED_SELECTOR = YES;
				GCC_WARN_UNINITIALIZED_AUTOS = YES_AGGRESSIVE;
				GCC_WARN_UNUSED_FUNCTION = YES;
				GCC_WARN_UNUSED_VARIABLE = YES;
				IPHONEOS_DEPLOYMENT_TARGET = 11.2;
				MTL_ENABLE_DEBUG_INFO = NO;
				SDKROOT = iphoneos;
				SWIFT_OPTIMIZATION_LEVEL = "-Owholemodule";
				VALIDATE_PRODUCT = YES;
			};
			name = Release;
		};
		D76AFCDB2068D8E400E68287 /* Debug */ = {
			isa = XCBuildConfiguration;
			buildSettings = {
				ASSETCATALOG_COMPILER_APPICON_NAME = AppIcon;
				CODE_SIGN_STYLE = Automatic;
				DEVELOPMENT_TEAM = 6X8EVDXUM3;
				INFOPLIST_FILE = SpyDetector/Info.plist;
				LD_RUNPATH_SEARCH_PATHS = "$(inherited) @executable_path/Frameworks";
				PRODUCT_BUNDLE_IDENTIFIER = zhandos.SpyDetector;
				PRODUCT_NAME = "$(TARGET_NAME)";
				SWIFT_VERSION = 4.0;
				TARGETED_DEVICE_FAMILY = "1,2";
			};
			name = Debug;
		};
		D76AFCDC2068D8E400E68287 /* Release */ = {
			isa = XCBuildConfiguration;
			buildSettings = {
				ASSETCATALOG_COMPILER_APPICON_NAME = AppIcon;
				CODE_SIGN_STYLE = Automatic;
				DEVELOPMENT_TEAM = 6X8EVDXUM3;
				INFOPLIST_FILE = SpyDetector/Info.plist;
				LD_RUNPATH_SEARCH_PATHS = "$(inherited) @executable_path/Frameworks";
				PRODUCT_BUNDLE_IDENTIFIER = zhandos.SpyDetector;
				PRODUCT_NAME = "$(TARGET_NAME)";
				SWIFT_VERSION = 4.0;
				TARGETED_DEVICE_FAMILY = "1,2";
			};
			name = Release;
		};
/* End XCBuildConfiguration section */

/* Begin XCConfigurationList section */
		D76AFCC32068D8E400E68287 /* Build configuration list for PBXProject "SpyDetector" */ = {
			isa = XCConfigurationList;
			buildConfigurations = (
				D76AFCD82068D8E400E68287 /* Debug */,
				D76AFCD92068D8E400E68287 /* Release */,
			);
			defaultConfigurationIsVisible = 0;
			defaultConfigurationName = Release;
		};
		D76AFCDA2068D8E400E68287 /* Build configuration list for PBXNativeTarget "SpyDetector" */ = {
			isa = XCConfigurationList;
			buildConfigurations = (
				D76AFCDB2068D8E400E68287 /* Debug */,
				D76AFCDC2068D8E400E68287 /* Release */,
			);
			defaultConfigurationIsVisible = 0;
			defaultConfigurationName = Release;
		};
/* End XCConfigurationList section */
	};
	rootObject = D76AFCC02068D8E400E68287 /* Project object */;
}
